
Microsoft Visual Studio Solution File, Format Version 12.00
# Visual Studio Version 16
VisualStudioVersion = 16.0.30907.101
MinimumVisualStudioVersion = 10.0.40219.1
Project("{FAE04EC0-301F-11D3-BF4B-00C04F79EFBC}") = "proj7(cont2)", "proj7(cont2)\proj7(cont2).csproj", "{D5B8DC71-D33E-4CEC-83F0-A82D72DFF742}"
EndProject
Global
	GlobalSection(SolutionConfigurationPlatforms) = preSolution
		Debug|Any CPU = Debug|Any CPU
		Release|Any CPU = Release|Any CPU
	EndGlobalSection
	GlobalSection(ProjectConfigurationPlatforms) = postSolution
		{D5B8DC71-D33E-4CEC-83F0-A82D72DFF742}.Debug|Any CPU.ActiveCfg = Debug|Any CPU
		{D5B8DC71-D33E-4CEC-83F0-A82D72DFF742}.Debug|Any CPU.Build.0 = Debug|Any CPU
		{D5B8DC71-D33E-4CEC-83F0-A82D72DFF742}.Release|Any CPU.ActiveCfg = Release|Any CPU
		{D5B8DC71-D33E-4CEC-83F0-A82D72DFF742}.Release|Any CPU.Build.0 = Release|Any CPU
	EndGlobalSection
	GlobalSection(SolutionProperties) = preSolution
		HideSolutionNode = FALSE
	EndGlobalSection
	GlobalSection(ExtensibilityGlobals) = postSolution
		SolutionGuid = {7E8CA90C-D046-49E0-98FB-9B06745DF486}
	EndGlobalSection
EndGlobal
